
Microsoft Visual Studio Solution File, Format Version 12.00
# Visual Studio Version 16
VisualStudioVersion = 16.0.30611.23
MinimumVisualStudioVersion = 10.0.40219.1
Project("{9A19103F-16F7-4668-BE54-9A1E7A4F7556}") = "Pedidos.API", "Pedidos.API\Pedidos.API.csproj", "{8DE88EAB-25C4-4CE3-9B86-A935EE3E1086}"
EndProject
Project("{2150E333-8FDC-42A3-9474-1A3956D46DE8}") = "Solution Items", "Solution Items", "{057DB621-B005-4629-9AC8-168B4E124D65}"
	ProjectSection(SolutionItems) = preProject
		README.md = README.md
	EndProjectSection
EndProject
Global
	GlobalSection(SolutionConfigurationPlatforms) = preSolution
		Debug|Any CPU = Debug|Any CPU
		Release|Any CPU = Release|Any CPU
	EndGlobalSection
	GlobalSection(ProjectConfigurationPlatforms) = postSolution
		{8DE88EAB-25C4-4CE3-9B86-A935EE3E1086}.Debug|Any CPU.ActiveCfg = Debug|Any CPU
		{8DE88EAB-25C4-4CE3-9B86-A935EE3E1086}.Debug|Any CPU.Build.0 = Debug|Any CPU
		{8DE88EAB-25C4-4CE3-9B86-A935EE3E1086}.Release|Any CPU.ActiveCfg = Release|Any CPU
		{8DE88EAB-25C4-4CE3-9B86-A935EE3E1086}.Release|Any CPU.Build.0 = Release|Any CPU
	EndGlobalSection
	GlobalSection(SolutionProperties) = preSolution
		HideSolutionNode = FALSE
	EndGlobalSection
	GlobalSection(ExtensibilityGlobals) = postSolution
		SolutionGuid = {0D1629AA-A380-4D70-A1FE-9CADC975A990}
	EndGlobalSection
EndGlobal
